
Microsoft Visual Studio Solution File, Format Version 12.00
# Visual Studio 15
VisualStudioVersion = 15.0.28307.438
MinimumVisualStudioVersion = 10.0.40219.1
Project("{FAE04EC0-301F-11D3-BF4B-00C04F79EFBC}") = "WebApiPOPS", "WebApiPOPS\WebApiPOPS.csproj", "{D6511100-74D1-4FAA-8EC3-36CAEFD01458}"
EndProject
Global
	GlobalSection(SolutionConfigurationPlatforms) = preSolution
		Debug|Any CPU = Debug|Any CPU
		Release|Any CPU = Release|Any CPU
	EndGlobalSection
	GlobalSection(ProjectConfigurationPlatforms) = postSolution
		{D6511100-74D1-4FAA-8EC3-36CAEFD01458}.Debug|Any CPU.ActiveCfg = Debug|Any CPU
		{D6511100-74D1-4FAA-8EC3-36CAEFD01458}.Debug|Any CPU.Build.0 = Debug|Any CPU
		{D6511100-74D1-4FAA-8EC3-36CAEFD01458}.Release|Any CPU.ActiveCfg = Release|Any CPU
		{D6511100-74D1-4FAA-8EC3-36CAEFD01458}.Release|Any CPU.Build.0 = Release|Any CPU
	EndGlobalSection
	GlobalSection(SolutionProperties) = preSolution
		HideSolutionNode = FALSE
	EndGlobalSection
	GlobalSection(ExtensibilityGlobals) = postSolution
		SolutionGuid = {F7FC8AFC-74CD-42A3-8119-30974F6036F9}
	EndGlobalSection
EndGlobal
